{
  "name": "rebst",
  "version": "2.1.1",
  "lockfileVersion": 1,
  "requires": true,
  "dependencies": {
    "colors": {
      "version": "1.3.3",
      "resolved": "https://registry.npmjs.org/colors/-/colors-1.3.3.tgz",
      "integrity": "sha512-mmGt/1pZqYRjMxB1axhTo16/snVZ5krrKkcmMeVKxzECMMXoCgnvTPp10QgHfcbQZw8Dq2jMNG6je4JlWU0gWg=="
    },
    "cryptr": {
      "version": "4.0.2",
      "resolved": "https://registry.npmjs.org/cryptr/-/cryptr-4.0.2.tgz",
      "integrity": "sha512-gLTcYjmLGe0Kk1yyacvjNKvSdkWBNNgG2tDnbRQP7yE559x/RJLo/I3WAmwCXNXf/fzMHCNp9vDv3PCopZDpXw=="
    },
    "fast-xml-parser": {
      "version": "3.12.20",
      "resolved": "https://registry.npmjs.org/fast-xml-parser/-/fast-xml-parser-3.12.20.tgz",
      "integrity": "sha512-viadHdefuuqkyJWUhF2r2Ymb5LJ0T7uQhzSRv4OZzYxpoPQnY05KtaX0pLkolabD7tLzIE8q/OytIAEhqPyYbw==",
      "requires": {
        "nimnjs": "^1.3.2"
      }
    },
    "is_js": {
      "version": "0.9.0",
      "resolved": "https://registry.npmjs.org/is_js/-/is_js-0.9.0.tgz",
      "integrity": "sha1-CrlFQFArp6+iTIVqqYVWFmnpxS0="
    },
    "nimn-date-parser": {
      "version": "1.0.0",
      "resolved": "https://registry.npmjs.org/nimn-date-parser/-/nimn-date-parser-1.0.0.tgz",
      "integrity": "sha512-1Nf+x3EeMvHUiHsVuEhiZnwA8RMeOBVTQWfB1S2n9+i6PYCofHd2HRMD+WOHIHYshy4T4Gk8wQoCol7Hq3av8Q=="
    },
    "nimn_schema_builder": {
      "version": "1.1.0",
      "resolved": "https://registry.npmjs.org/nimn_schema_builder/-/nimn_schema_builder-1.1.0.tgz",
      "integrity": "sha512-DK5/B8CM4qwzG2URy130avcwPev4uO0ev836FbQyKo1ms6I9z/i6EJyiZ+d9xtgloxUri0W+5gfR8YbPq7SheA=="
    },
    "nimnjs": {
      "version": "1.3.2",
      "resolved": "https://registry.npmjs.org/nimnjs/-/nimnjs-1.3.2.tgz",
      "integrity": "sha512-TIOtI4iqkQrUM1tiM76AtTQem0c7e56SkDZ7sj1d1MfUsqRcq2ZWQvej/O+HBTZV7u/VKnwlKTDugK/75IRPPw==",
      "requires": {
        "nimn-date-parser": "^1.0.0",
        "nimn_schema_builder": "^1.0.0"
      }
    },
    "request-ip": {
      "version": "2.1.3",
      "resolved": "https://registry.npmjs.org/request-ip/-/request-ip-2.1.3.tgz",
      "integrity": "sha512-J3qdE/IhVM3BXkwMIVO4yFrvhJlU3H7JH16+6yHucadT4fePnR8dyh+vEs6FIx0S2x5TCt2ptiPfHcn0sqhbYQ==",
      "requires": {
        "is_js": "^0.9.0"
      }
    }
  }
}
